// !$*UTF8*$!
{
	archiveVersion = 1;
	classes = {
	};
	objectVersion = 38;
	objects = {
		014CEA490018CE3211CA2923 = {
			buildRules = (
			);
			buildSettings = {
				COPY_PHASE_STRIP = NO;
				OPTIMIZATION_CFLAGS = "-O0";
			};
			isa = PBXBuildStyle;
			name = Development;
		};
		014CEA4A0018CE3211CA2923 = {
			buildRules = (
			);
			buildSettings = {
				COPY_PHASE_STRIP = YES;
			};
			isa = PBXBuildStyle;
			name = Deployment;
		};
//010
//011
//012
//013
//014
//030
//031
//032
//033
//034
		034768E2FF38A6DC11DB9C8B = {
			isa = PBXExecutableFileReference;
			path = Echo;
			refType = 3;
		};
//030
//031
//032
//033
//034
//080
//081
//082
//083
//084
		08FB7793FE84155DC02AAC07 = {
			buildStyles = (
				014CEA490018CE3211CA2923,
				014CEA4A0018CE3211CA2923,
			);
			hasScannedForEncodings = 1;
			isa = PBXProject;
			mainGroup = 08FB7794FE84155DC02AAC07;
			projectDirPath = "";
			targets = (
				08FB779FFE84155DC02AAC07,
			);
		};
		08FB7794FE84155DC02AAC07 = {
			children = (
				08FB7795FE84155DC02AAC07,
				08FB779DFE84155DC02AAC07,
				19C28FBDFE9D53C911CA2CBB,
			);
			isa = PBXGroup;
			name = Echo;
			refType = 4;
		};
		08FB7795FE84155DC02AAC07 = {
			children = (
				08FB7796FE84155DC02AAC07,
				7EFA235D026CB3140ECA0C4C,
				7EFA235E026CB3140ECA0C4C,
				7EFA239F026CC0F10ECA0C4C,
				7EFA23A0026CC0F10ECA0C4C,
			);
			isa = PBXGroup;
			name = Source;
			refType = 4;
		};
		08FB7796FE84155DC02AAC07 = {
			fileEncoding = 30;
			isa = PBXFileReference;
			path = main.c;
			refType = 4;
		};
		08FB779DFE84155DC02AAC07 = {
			children = (
				F568AA7F0260CB630151332E,
				7E474A7001D15DDF0ECA0C40,
				7E22CCBA02665A0A0EFF6479,
			);
			isa = PBXGroup;
			name = "External Frameworks and Libraries";
			refType = 4;
		};
		08FB779FFE84155DC02AAC07 = {
			buildPhases = (
				08FB77A0FE84155DC02AAC07,
				08FB77A1FE84155DC02AAC07,
				08FB77A3FE84155DC02AAC07,
				08FB77A5FE84155DC02AAC07,
			);
			buildSettings = {
				FRAMEWORK_SEARCH_PATHS = "";
				HEADER_SEARCH_PATHS = "";
				INSTALL_PATH = "$(HOME)/bin";
				LIBRARY_SEARCH_PATHS = "";
				OTHER_CFLAGS = "";
				OTHER_LDFLAGS = "";
				OTHER_REZFLAGS = "";
				PRODUCT_NAME = Echo;
				REZ_EXECUTABLE = YES;
				SECTORDER_FLAGS = "";
				WARNING_CFLAGS = "-Wmost -Wno-four-char-constants -Wno-unknown-pragmas";
			};
			dependencies = (
			);
			isa = PBXToolTarget;
			name = Echo;
			productInstallPath = "$(HOME)/bin";
			productName = Echo;
			productReference = 034768E2FF38A6DC11DB9C8B;
		};
		08FB77A0FE84155DC02AAC07 = {
			buildActionMask = 2147483647;
			files = (
				7EFA2360026CB3140ECA0C4C,
				7EFA23A2026CC0F10ECA0C4C,
			);
			isa = PBXHeadersBuildPhase;
			runOnlyForDeploymentPostprocessing = 0;
		};
		08FB77A1FE84155DC02AAC07 = {
			buildActionMask = 2147483647;
			files = (
				08FB77A2FE84155DC02AAC07,
				7EFA235F026CB3140ECA0C4C,
				7EFA23A1026CC0F10ECA0C4C,
			);
			isa = PBXSourcesBuildPhase;
			runOnlyForDeploymentPostprocessing = 0;
		};
		08FB77A2FE84155DC02AAC07 = {
			fileRef = 08FB7796FE84155DC02AAC07;
			isa = PBXBuildFile;
			settings = {
				ATTRIBUTES = (
				);
			};
		};
		08FB77A3FE84155DC02AAC07 = {
			buildActionMask = 2147483647;
			files = (
				7E474A7101D15DDF0ECA0C40,
				F568AA800260CB630151332E,
				7E22CCDA02665A0A0EFF6479,
			);
			isa = PBXFrameworksBuildPhase;
			runOnlyForDeploymentPostprocessing = 0;
		};
		08FB77A5FE84155DC02AAC07 = {
			buildActionMask = 2147483647;
			files = (
			);
			isa = PBXRezBuildPhase;
			runOnlyForDeploymentPostprocessing = 0;
		};
//080
//081
//082
//083
//084
//190
//191
//192
//193
//194
		19C28FBDFE9D53C911CA2CBB = {
			children = (
				034768E2FF38A6DC11DB9C8B,
			);
			isa = PBXGroup;
			name = Products;
			refType = 4;
		};
//190
//191
//192
//193
//194
//7E0
//7E1
//7E2
//7E3
//7E4
		7E22CCBA02665A0A0EFF6479 = {
			isa = PBXFrameworkReference;
			name = SystemConfiguration.framework;
			path = /System/Library/Frameworks/SystemConfiguration.framework;
			refType = 0;
		};
		7E22CCDA02665A0A0EFF6479 = {
			fileRef = 7E22CCBA02665A0A0EFF6479;
			isa = PBXBuildFile;
			settings = {
			};
		};
		7E474A7001D15DDF0ECA0C40 = {
			isa = PBXFrameworkReference;
			name = CoreServices.framework;
			path = /System/Library/Frameworks/CoreServices.framework;
			refType = 0;
		};
		7E474A7101D15DDF0ECA0C40 = {
			fileRef = 7E474A7001D15DDF0ECA0C40;
			isa = PBXBuildFile;
			settings = {
			};
		};
		7EFA235D026CB3140ECA0C4C = {
			fileEncoding = 30;
			isa = PBXFileReference;
			path = Server.c;
			refType = 4;
		};
		7EFA235E026CB3140ECA0C4C = {
			fileEncoding = 30;
			isa = PBXFileReference;
			path = Server.h;
			refType = 4;
		};
		7EFA235F026CB3140ECA0C4C = {
			fileRef = 7EFA235D026CB3140ECA0C4C;
			isa = PBXBuildFile;
			settings = {
			};
		};
		7EFA2360026CB3140ECA0C4C = {
			fileRef = 7EFA235E026CB3140ECA0C4C;
			isa = PBXBuildFile;
			settings = {
			};
		};
		7EFA239F026CC0F10ECA0C4C = {
			fileEncoding = 30;
			isa = PBXFileReference;
			path = EchoContext.c;
			refType = 4;
		};
		7EFA23A0026CC0F10ECA0C4C = {
			fileEncoding = 30;
			isa = PBXFileReference;
			path = EchoContext.h;
			refType = 4;
		};
		7EFA23A1026CC0F10ECA0C4C = {
			fileRef = 7EFA239F026CC0F10ECA0C4C;
			isa = PBXBuildFile;
			settings = {
			};
		};
		7EFA23A2026CC0F10ECA0C4C = {
			fileRef = 7EFA23A0026CC0F10ECA0C4C;
			isa = PBXBuildFile;
			settings = {
			};
		};
//7E0
//7E1
//7E2
//7E3
//7E4
//F50
//F51
//F52
//F53
//F54
		F568AA7F0260CB630151332E = {
			isa = PBXFrameworkReference;
			name = CoreFoundation.framework;
			path = /System/Library/Frameworks/CoreFoundation.framework;
			refType = 0;
		};
		F568AA800260CB630151332E = {
			fileRef = F568AA7F0260CB630151332E;
			isa = PBXBuildFile;
			settings = {
			};
		};
	};
	rootObject = 08FB7793FE84155DC02AAC07;
}
